PODS:
  - BigInt (4.0.0)
  - CryptoSwift (1.0.0)
  - Serializable.swift (0.1.2)
  - Tesseract.EthereumTypes (0.1.6):
    - BigInt (~> 4.0)
    - CryptoSwift (~> 1.0)
    - Serializable.swift (~> 0.1)

DEPENDENCIES:
  - Serializable.swift (~> 0.1)
  - Tesseract.EthereumTypes (~> 0.1)

SPEC REPOS:
  https://github.com/cocoapods/specs.git:
    - BigInt
    - CryptoSwift
    - Serializable.swift
    - Tesseract.EthereumTypes

SPEC CHECKSUMS:
  BigInt: 2aad1a9942dc932ec8b84290d2c564a3d76f97ab
  CryptoSwift: d81eeaa59dc5a8d03720fe919a6fd07b51f7439f
  Serializable.swift: 30c5cd7c995bc8140afbd0df09b8185d461aa61b
  Tesseract.EthereumTypes: cef679ade2b8e866cdc6088bac09da870afd4359

PODFILE CHECKSUM: 5d49c019bd5257bf7330c666e9dcffad01e6c3a6

COCOAPODS: 1.6.1
